
Microsoft Visual Studio Solution File, Format Version 12.00
# Visual Studio Version 16
VisualStudioVersion = 16.0.31112.23
MinimumVisualStudioVersion = 10.0.40219.1
Project("{FAE04EC0-301F-11D3-BF4B-00C04F79EFBC}") = "Circuitools.Android", "Circuitools.Android\Circuitools.Android.csproj", "{F4A11709-8D00-4856-8D97-31DB687F57FC}"
EndProject
Project("{FAE04EC0-301F-11D3-BF4B-00C04F79EFBC}") = "Circuitools", "Circuitools\Circuitools.csproj", "{86192C20-E9DE-4841-B247-75C24D50A047}"
EndProject
Global
	GlobalSection(SolutionConfigurationPlatforms) = preSolution
		Debug|Any CPU = Debug|Any CPU
		Release|Any CPU = Release|Any CPU
	EndGlobalSection
	GlobalSection(ProjectConfigurationPlatforms) = postSolution
		{F4A11709-8D00-4856-8D97-31DB687F57FC}.Debug|Any CPU.ActiveCfg = Debug|Any CPU
		{F4A11709-8D00-4856-8D97-31DB687F57FC}.Debug|Any CPU.Build.0 = Debug|Any CPU
		{F4A11709-8D00-4856-8D97-31DB687F57FC}.Debug|Any CPU.Deploy.0 = Debug|Any CPU
		{F4A11709-8D00-4856-8D97-31DB687F57FC}.Release|Any CPU.ActiveCfg = Release|Any CPU
		{F4A11709-8D00-4856-8D97-31DB687F57FC}.Release|Any CPU.Build.0 = Release|Any CPU
		{F4A11709-8D00-4856-8D97-31DB687F57FC}.Release|Any CPU.Deploy.0 = Release|Any CPU
		{86192C20-E9DE-4841-B247-75C24D50A047}.Debug|Any CPU.ActiveCfg = Debug|Any CPU
		{86192C20-E9DE-4841-B247-75C24D50A047}.Debug|Any CPU.Build.0 = Debug|Any CPU
		{86192C20-E9DE-4841-B247-75C24D50A047}.Debug|Any CPU.Deploy.0 = Debug|Any CPU
		{86192C20-E9DE-4841-B247-75C24D50A047}.Release|Any CPU.ActiveCfg = Release|Any CPU
		{86192C20-E9DE-4841-B247-75C24D50A047}.Release|Any CPU.Build.0 = Release|Any CPU
		{86192C20-E9DE-4841-B247-75C24D50A047}.Release|Any CPU.Deploy.0 = Release|Any CPU
	EndGlobalSection
	GlobalSection(SolutionProperties) = preSolution
		HideSolutionNode = FALSE
	EndGlobalSection
	GlobalSection(ExtensibilityGlobals) = postSolution
		SolutionGuid = {44F5E3C9-2FE6-444D-A6E9-91D74CB9A043}
	EndGlobalSection
EndGlobal
